
Microsoft Visual Studio Solution File, Format Version 12.00
# Visual Studio Version 17
VisualStudioVersion = 17.6.33829.357
MinimumVisualStudioVersion = 10.0.40219.1
Project("{FAE04EC0-301F-11D3-BF4B-00C04F79EFBC}") = "WebApplicationTeste", "WebApplicationTeste\WebApplicationTeste.csproj", "{9A1B2EFB-CDCA-49E3-A4C0-30066A29382D}"
EndProject
Global
	GlobalSection(SolutionConfigurationPlatforms) = preSolution
		Debug|Any CPU = Debug|Any CPU
		Release|Any CPU = Release|Any CPU
	EndGlobalSection
	GlobalSection(ProjectConfigurationPlatforms) = postSolution
		{9A1B2EFB-CDCA-49E3-A4C0-30066A29382D}.Debug|Any CPU.ActiveCfg = Debug|Any CPU
		{9A1B2EFB-CDCA-49E3-A4C0-30066A29382D}.Debug|Any CPU.Build.0 = Debug|Any CPU
		{9A1B2EFB-CDCA-49E3-A4C0-30066A29382D}.Release|Any CPU.ActiveCfg = Release|Any CPU
		{9A1B2EFB-CDCA-49E3-A4C0-30066A29382D}.Release|Any CPU.Build.0 = Release|Any CPU
	EndGlobalSection
	GlobalSection(SolutionProperties) = preSolution
		HideSolutionNode = FALSE
	EndGlobalSection
	GlobalSection(ExtensibilityGlobals) = postSolution
		SolutionGuid = {3BE5CFF8-860A-4BE8-A15E-A5F0D1F81115}
	EndGlobalSection
EndGlobal
