
Microsoft Visual Studio Solution File, Format Version 12.00
# Visual Studio Version 17
VisualStudioVersion = 17.6.33829.357
MinimumVisualStudioVersion = 10.0.40219.1
Project("{FAE04EC0-301F-11D3-BF4B-00C04F79EFBC}") = "ChessProject", "ChessProject\ChessProject.csproj", "{16291293-A547-49E8-8BC7-F3F81B96487A}"
EndProject
Global
	GlobalSection(SolutionConfigurationPlatforms) = preSolution
		Debug|Any CPU = Debug|Any CPU
		Release|Any CPU = Release|Any CPU
	EndGlobalSection
	GlobalSection(ProjectConfigurationPlatforms) = postSolution
		{16291293-A547-49E8-8BC7-F3F81B96487A}.Debug|Any CPU.ActiveCfg = Debug|Any CPU
		{16291293-A547-49E8-8BC7-F3F81B96487A}.Debug|Any CPU.Build.0 = Debug|Any CPU
		{16291293-A547-49E8-8BC7-F3F81B96487A}.Release|Any CPU.ActiveCfg = Release|Any CPU
		{16291293-A547-49E8-8BC7-F3F81B96487A}.Release|Any CPU.Build.0 = Release|Any CPU
	EndGlobalSection
	GlobalSection(SolutionProperties) = preSolution
		HideSolutionNode = FALSE
	EndGlobalSection
	GlobalSection(ExtensibilityGlobals) = postSolution
		SolutionGuid = {46E52A43-A85E-4915-A873-4612348550E6}
	EndGlobalSection
EndGlobal
